{
  "originHash" : "890c6749a93763ec2c4ec233a8330177fc6574113734d3f6c414678637175140",
  "pins" : [
    {
      "identity" : "keyboardshortcuts",
      "kind" : "remoteSourceControl",
      "location" : "https://github.com/sindresorhus/KeyboardShortcuts",
      "state" : {
        "branch" : "main",
        "revision" : "a105b136033ac091de2bd8d83cf95ee3920365f0"
      }
    },
    {
      "identity" : "launchatlogin-modern",
      "kind" : "remoteSourceControl",
      "location" : "https://github.com/sindresorhus/LaunchAtLogin-Modern",
      "state" : {
        "branch" : "main",
        "revision" : "9c41991631605c8ccfe0347bbcb5c659169f2ec5"
      }
    }
  ],
  "version" : 3
}
